
Microsoft Visual Studio Solution File, Format Version 12.00
# Visual Studio 14
VisualStudioVersion = 14.0.25420.1
MinimumVisualStudioVersion = 10.0.40219.1
Project("{FAE04EC0-301F-11D3-BF4B-00C04F79EFBC}") = "TenPin", "TenPin\TenPin.csproj", "{606CBF15-7F4A-438C-B638-8347B363FF9C}"
EndProject
Project("{FAE04EC0-301F-11D3-BF4B-00C04F79EFBC}") = "TenPin.Tests", "TenPin.Tests\TenPin.Tests.csproj", "{DDF6284A-BFAA-450A-9521-C1FAF22A1CC0}"
EndProject
Global
	GlobalSection(SolutionConfigurationPlatforms) = preSolution
		Debug|Any CPU = Debug|Any CPU
		Release|Any CPU = Release|Any CPU
	EndGlobalSection
	GlobalSection(ProjectConfigurationPlatforms) = postSolution
		{606CBF15-7F4A-438C-B638-8347B363FF9C}.Debug|Any CPU.ActiveCfg = Debug|Any CPU
		{606CBF15-7F4A-438C-B638-8347B363FF9C}.Debug|Any CPU.Build.0 = Debug|Any CPU
		{606CBF15-7F4A-438C-B638-8347B363FF9C}.Release|Any CPU.ActiveCfg = Release|Any CPU
		{606CBF15-7F4A-438C-B638-8347B363FF9C}.Release|Any CPU.Build.0 = Release|Any CPU
		{DDF6284A-BFAA-450A-9521-C1FAF22A1CC0}.Debug|Any CPU.ActiveCfg = Debug|Any CPU
		{DDF6284A-BFAA-450A-9521-C1FAF22A1CC0}.Debug|Any CPU.Build.0 = Debug|Any CPU
		{DDF6284A-BFAA-450A-9521-C1FAF22A1CC0}.Release|Any CPU.ActiveCfg = Release|Any CPU
		{DDF6284A-BFAA-450A-9521-C1FAF22A1CC0}.Release|Any CPU.Build.0 = Release|Any CPU
	EndGlobalSection
	GlobalSection(SolutionProperties) = preSolution
		HideSolutionNode = FALSE
	EndGlobalSection
EndGlobal
